
Microsoft Visual Studio Solution File, Format Version 12.00
# Visual Studio 15
VisualStudioVersion = 15.0.28307.168
MinimumVisualStudioVersion = 10.0.40219.1
Project("{2150E333-8FDC-42A3-9474-1A3956D46DE8}") = "Solution Items", "Solution Items", "{5A6EE733-E629-4357-B3CC-981FB15FEEA0}"
	ProjectSection(SolutionItems) = preProject
		.gitignore = .gitignore
		Identity.sln.DotSettings = Identity.sln.DotSettings
		LICENSE = LICENSE
		README.md = README.md
	EndProjectSection
EndProject
Project("{9A19103F-16F7-4668-BE54-9A1E7A4F7556}") = "Contract", "Contract\Contract.csproj", "{1FA7990E-40C6-43F2-84E6-D0719BDCD92A}"
EndProject
Project("{9A19103F-16F7-4668-BE54-9A1E7A4F7556}") = "Service", "Service\Service.csproj", "{EA5BDCEA-CE48-42EF-B53D-52BBAB067328}"
EndProject
Project("{2150E333-8FDC-42A3-9474-1A3956D46DE8}") = "Json", "Json", "{A67D00F5-3D6A-4417-834D-462EC2A532C8}"
	ProjectSection(SolutionItems) = preProject
		Login.json = Login.json
	EndProjectSection
EndProject
Project("{2150E333-8FDC-42A3-9474-1A3956D46DE8}") = "PowerShell", "PowerShell", "{AF18FCAD-DC79-4F48-A943-569938BEA345}"
	ProjectSection(SolutionItems) = preProject
		BindCertificateToIisExpress.ps1 = BindCertificateToIisExpress.ps1
		CreateSelfSignedCertificates.ps1 = CreateSelfSignedCertificates.ps1
	EndProjectSection
EndProject
Project("{2150E333-8FDC-42A3-9474-1A3956D46DE8}") = "Sql", "Sql", "{CFFB5335-EA9C-4D38-8B84-7C8955729442}"
	ProjectSection(SolutionItems) = preProject
		CreateDatabase.sql = CreateDatabase.sql
	EndProjectSection
EndProject
Global
	GlobalSection(SolutionConfigurationPlatforms) = preSolution
		Debug|Any CPU = Debug|Any CPU
		Release|Any CPU = Release|Any CPU
	EndGlobalSection
	GlobalSection(ProjectConfigurationPlatforms) = postSolution
		{1FA7990E-40C6-43F2-84E6-D0719BDCD92A}.Debug|Any CPU.ActiveCfg = Debug|Any CPU
		{1FA7990E-40C6-43F2-84E6-D0719BDCD92A}.Debug|Any CPU.Build.0 = Debug|Any CPU
		{1FA7990E-40C6-43F2-84E6-D0719BDCD92A}.Release|Any CPU.ActiveCfg = Release|Any CPU
		{1FA7990E-40C6-43F2-84E6-D0719BDCD92A}.Release|Any CPU.Build.0 = Release|Any CPU
		{EA5BDCEA-CE48-42EF-B53D-52BBAB067328}.Debug|Any CPU.ActiveCfg = Debug|Any CPU
		{EA5BDCEA-CE48-42EF-B53D-52BBAB067328}.Debug|Any CPU.Build.0 = Debug|Any CPU
		{EA5BDCEA-CE48-42EF-B53D-52BBAB067328}.Release|Any CPU.ActiveCfg = Release|Any CPU
		{EA5BDCEA-CE48-42EF-B53D-52BBAB067328}.Release|Any CPU.Build.0 = Release|Any CPU
	EndGlobalSection
	GlobalSection(SolutionProperties) = preSolution
		HideSolutionNode = FALSE
	EndGlobalSection
	GlobalSection(NestedProjects) = preSolution
		{A67D00F5-3D6A-4417-834D-462EC2A532C8} = {5A6EE733-E629-4357-B3CC-981FB15FEEA0}
		{AF18FCAD-DC79-4F48-A943-569938BEA345} = {5A6EE733-E629-4357-B3CC-981FB15FEEA0}
		{CFFB5335-EA9C-4D38-8B84-7C8955729442} = {5A6EE733-E629-4357-B3CC-981FB15FEEA0}
	EndGlobalSection
	GlobalSection(ExtensibilityGlobals) = postSolution
		SolutionGuid = {152BC4D0-CEC2-4069-9061-65A750B57CF5}
	EndGlobalSection
EndGlobal
